// !$*UTF8*$!
{
	archiveVersion = 1;
	classes = {
	};
	objectVersion = 77;
	objects = {

/* Begin PBXBuildFile section */
		052F269D2E2E5B1C00E86FA2 /* ConnectButtonView.swift in Sources */ = {isa = PBXBuildFile; fileRef = 052F269C2E2E5B1C00E86FA2 /* ConnectButtonView.swift */; };
		052F269F2E2E5BDC00E86FA2 /* ConnectImageView.swift in Sources */ = {isa = PBXBuildFile; fileRef = 052F269E2E2E5BDC00E86FA2 /* ConnectImageView.swift */; };
		052F26A12E2E5C1900E86FA2 /* WifiConnectView.swift in Sources */ = {isa = PBXBuildFile; fileRef = 052F26A02E2E5C1900E86FA2 /* WifiConnectView.swift */; };
		052F26B02E2F092E00E86FA2 /* FairyTaleStatusView.swift in Sources */ = {isa = PBXBuildFile; fileRef = 052F26AF2E2F092E00E86FA2 /* FairyTaleStatusView.swift */; };
		052F26B22E2F36FA00E86FA2 /* iPhoneFairyTaleView.swift in Sources */ = {isa = PBXBuildFile; fileRef = 052F26B12E2F36FA00E86FA2 /* iPhoneFairyTaleView.swift */; };
		05CDDF1D2E2FEB0C00455F62 /* iPhoneInteractionView.swift in Sources */ = {isa = PBXBuildFile; fileRef = 05CDDF1C2E2FEB0C00455F62 /* iPhoneInteractionView.swift */; };
		05CDDF1F2E2FEB2E00455F62 /* FireAnimationView.swift in Sources */ = {isa = PBXBuildFile; fileRef = 05CDDF1E2E2FEB2E00455F62 /* FireAnimationView.swift */; };
		05CDDF232E2FEBA100455F62 /* AudioInputModel.swift in Sources */ = {isa = PBXBuildFile; fileRef = 05CDDF222E2FEBA100455F62 /* AudioInputModel.swift */; };
		05CDDF252E2FEC0E00455F62 /* LottieView.swift in Sources */ = {isa = PBXBuildFile; fileRef = 05CDDF242E2FEC0E00455F62 /* LottieView.swift */; };
		05CDDF312E31323D00455F62 /* Fire.json in Resources */ = {isa = PBXBuildFile; fileRef = 05CDDF302E31323D00455F62 /* Fire.json */; };
		A129B29C2E34D610004D8698 /* Lottie in Frameworks */ = {isa = PBXBuildFile; productRef = A129B29B2E34D610004D8698 /* Lottie */; };
		A129B2A22E34DCD4004D8698 /* Wifi.json in Resources */ = {isa = PBXBuildFile; fileRef = A129B2A12E34DCD4004D8698 /* Wifi.json */; };
		A12BB7F42E2F3D6300D58DBA /* LSLeftButtonView.swift in Sources */ = {isa = PBXBuildFile; fileRef = A12BB7F32E2F3D5C00D58DBA /* LSLeftButtonView.swift */; };
		A12BB7F62E2F3D7200D58DBA /* LSRightButtonView.swift in Sources */ = {isa = PBXBuildFile; fileRef = A12BB7F52E2F3D6C00D58DBA /* LSRightButtonView.swift */; };
		A12BB7F82E2F3F7A00D58DBA /* LSBottonButtonStackView.swift in Sources */ = {isa = PBXBuildFile; fileRef = A12BB7F72E2F3F3200D58DBA /* LSBottonButtonStackView.swift */; };
		A12BB7FC2E2FA23200D58DBA /* LSReturnToHomeButtonView.swift in Sources */ = {isa = PBXBuildFile; fileRef = A12BB7FB2E2FA22200D58DBA /* LSReturnToHomeButtonView.swift */; };
		A12BB7FE2E2FADDF00D58DBA /* FairyTaleInteractionView.swift in Sources */ = {isa = PBXBuildFile; fileRef = A12BB7FD2E2FADD600D58DBA /* FairyTaleInteractionView.swift */; };
		A15FAE832E2BDFBE00468F16 /* PeerModel.swift in Sources */ = {isa = PBXBuildFile; fileRef = A15FAE822E2BDFBB00468F16 /* PeerModel.swift */; };
		A15FAE852E2BE01400468F16 /* ConnectCellView.swift in Sources */ = {isa = PBXBuildFile; fileRef = A15FAE842E2BE00800468F16 /* ConnectCellView.swift */; };
		A15FAE892E2BF57800468F16 /* iPhoneNoticeView.swift in Sources */ = {isa = PBXBuildFile; fileRef = A15FAE882E2BF57200468F16 /* iPhoneNoticeView.swift */; };
		A15FAE942E2CD9D200468F16 /* iPadFairyTaleView.swift in Sources */ = {isa = PBXBuildFile; fileRef = A15FAE932E2CD9D200468F16 /* iPadFairyTaleView.swift */; };
		A15FAE982E2CDA1800468F16 /* iPadFairyTaleViewModel.swift in Sources */ = {isa = PBXBuildFile; fileRef = A15FAE972E2CDA1100468F16 /* iPadFairyTaleViewModel.swift */; };
		A15FAE9A2E2CDC8200468F16 /* FairyTaleButtonView.swift in Sources */ = {isa = PBXBuildFile; fileRef = A15FAE992E2CDC3F00468F16 /* FairyTaleButtonView.swift */; };
		A15FAE9C2E2CE2EF00468F16 /* FairyTaleScriptView.swift in Sources */ = {isa = PBXBuildFile; fileRef = A15FAE9B2E2CE2EF00468F16 /* FairyTaleScriptView.swift */; };
		A15FAE9E2E2CE49500468F16 /* FairyTaleBackgroundView.swift in Sources */ = {isa = PBXBuildFile; fileRef = A15FAE9D2E2CE49500468F16 /* FairyTaleBackgroundView.swift */; };
		A15FAEA32E2D021100468F16 /* FairyTaleModel.swift in Sources */ = {isa = PBXBuildFile; fileRef = A15FAEA22E2D020600468F16 /* FairyTaleModel.swift */; };
		A17BF69F2E3128BB006783D1 /* FairyTaleLastPageButtonView.swift in Sources */ = {isa = PBXBuildFile; fileRef = A17BF69E2E3128AE006783D1 /* FairyTaleLastPageButtonView.swift */; };
		A17BF6A12E312B26006783D1 /* FairyTaleEnddingView.swift in Sources */ = {isa = PBXBuildFile; fileRef = A17BF6A02E312B1B006783D1 /* FairyTaleEnddingView.swift */; };
		A17BF6ED2E31C3B2006783D1 /* HomeKitManager.swift in Sources */ = {isa = PBXBuildFile; fileRef = A17BF6EC2E31C3AB006783D1 /* HomeKitManager.swift */; };
		A17BF6F12E31C3D2006783D1 /* HomeKitMultipeer+Extexnsion.swift in Sources */ = {isa = PBXBuildFile; fileRef = A17BF6F02E31C3CD006783D1 /* HomeKitMultipeer+Extexnsion.swift */; };
		A17BF6F32E3231A4006783D1 /* HomeKitModels.swift in Sources */ = {isa = PBXBuildFile; fileRef = A17BF6F22E32319D006783D1 /* HomeKitModels.swift */; };
		A19ADCA22E2E17B3007BBF05 /* BinggraeSamanco-Bold.ttf in Resources */ = {isa = PBXBuildFile; fileRef = A19ADCA12E2E17B3007BBF05 /* BinggraeSamanco-Bold.ttf */; };
		A19ADCA42E2E17BB007BBF05 /* Fonts.swift in Sources */ = {isa = PBXBuildFile; fileRef = A19ADCA32E2E17B9007BBF05 /* Fonts.swift */; };
		A19ADCAE2E2E7D9A007BBF05 /* iPhoneNoticeTextView.swift in Sources */ = {isa = PBXBuildFile; fileRef = A19ADCAD2E2E7D8D007BBF05 /* iPhoneNoticeTextView.swift */; };
		A19ADCB12E2E7EAC007BBF05 /* PeerConnectButtonView.swift in Sources */ = {isa = PBXBuildFile; fileRef = A19ADCB02E2E7EA7007BBF05 /* PeerConnectButtonView.swift */; };
		A19ADCB32E2E8099007BBF05 /* FindYouriPhoneTextView.swift in Sources */ = {isa = PBXBuildFile; fileRef = A19ADCB22E2E8082007BBF05 /* FindYouriPhoneTextView.swift */; };
		A19ADCB52E2E81F8007BBF05 /* ConnectRightPageView.swift in Sources */ = {isa = PBXBuildFile; fileRef = A19ADCB42E2E81EF007BBF05 /* ConnectRightPageView.swift */; };
		A19ADCB72E2E8205007BBF05 /* ConncetLeftPageView.swift in Sources */ = {isa = PBXBuildFile; fileRef = A19ADCB62E2E81FD007BBF05 /* ConncetLeftPageView.swift */; };
		A1D294732E2B8DAA00695EE2 /* HomeInfoFrameView.swift in Sources */ = {isa = PBXBuildFile; fileRef = A1D294722E2B8DA700695EE2 /* HomeInfoFrameView.swift */; };
		A1D487FB2E29484100F70879 /* iPhonePairingBackgroundView.swift in Sources */ = {isa = PBXBuildFile; fileRef = A1D487FA2E29484100F70879 /* iPhonePairingBackgroundView.swift */; };
		A1D487FD2E2948AA00F70879 /* PairingBookView.swift in Sources */ = {isa = PBXBuildFile; fileRef = A1D487FC2E2948A000F70879 /* PairingBookView.swift */; };
		A1D487FF2E29493600F70879 /* ConnectListView.swift in Sources */ = {isa = PBXBuildFile; fileRef = A1D487FE2E29493400F70879 /* ConnectListView.swift */; };
		A1D706262E28DB60008694A8 /* HomeBackgroundView.swift in Sources */ = {isa = PBXBuildFile; fileRef = A1D706252E28DB57008694A8 /* HomeBackgroundView.swift */; };
		A1D706282E28DFAB008694A8 /* HomeDoorView.swift in Sources */ = {isa = PBXBuildFile; fileRef = A1D706272E28DFAB008694A8 /* HomeDoorView.swift */; };
		A1D7062C2E28E715008694A8 /* iPhonePairingViewModel.swift in Sources */ = {isa = PBXBuildFile; fileRef = A1D7062B2E28E70D008694A8 /* iPhonePairingViewModel.swift */; };
		A1F4C7632E29DCFB00044760 /* BookModel.swift in Sources */ = {isa = PBXBuildFile; fileRef = A1F4C7622E29DCF700044760 /* BookModel.swift */; };
		D51A0AA22E31121300E4D19B /* ConnectListScrollView.swift in Sources */ = {isa = PBXBuildFile; fileRef = D51A0AA12E31120D00E4D19B /* ConnectListScrollView.swift */; };
		D5360FFB2E27DA0C001E15B2 /* AppRoute.swift in Sources */ = {isa = PBXBuildFile; fileRef = D5360FFA2E27DA08001E15B2 /* AppRoute.swift */; };
		D5360FFD2E27DA19001E15B2 /* AppCoordinator.swift in Sources */ = {isa = PBXBuildFile; fileRef = D5360FFC2E27DA13001E15B2 /* AppCoordinator.swift */; };
		D5360FFF2E27DA23001E15B2 /* RootNavigationView.swift in Sources */ = {isa = PBXBuildFile; fileRef = D5360FFE2E27DA1C001E15B2 /* RootNavigationView.swift */; };
		D53610092E27FA92001E15B2 /* DeviceInfo.swift in Sources */ = {isa = PBXBuildFile; fileRef = D53610082E27FA8B001E15B2 /* DeviceInfo.swift */; };
		D536100B2E27FBF7001E15B2 /* ModuleFactory.swift in Sources */ = {isa = PBXBuildFile; fileRef = D536100A2E27FBEB001E15B2 /* ModuleFactory.swift */; };
		D53610122E27FCFB001E15B2 /* HomeLibraryView.swift in Sources */ = {isa = PBXBuildFile; fileRef = D53610112E27FCD5001E15B2 /* HomeLibraryView.swift */; };
		D53610142E27FE72001E15B2 /* iPhonePairingView.swift in Sources */ = {isa = PBXBuildFile; fileRef = D53610132E27FE67001E15B2 /* iPhonePairingView.swift */; };
		D536101B2E27FF34001E15B2 /* iPadIntroView.swift in Sources */ = {isa = PBXBuildFile; fileRef = D536101A2E27FF20001E15B2 /* iPadIntroView.swift */; };
		D536101E2E27FF4B001E15B2 /* iPhoneIntroView.swift in Sources */ = {isa = PBXBuildFile; fileRef = D536101D2E27FF42001E15B2 /* iPhoneIntroView.swift */; };
		D53610222E28032C001E15B2 /* iPadPairingView.swift in Sources */ = {isa = PBXBuildFile; fileRef = D53610212E280325001E15B2 /* iPadPairingView.swift */; };
		D53610252E2804AA001E15B2 /* iPadIntroViewModel.swift in Sources */ = {isa = PBXBuildFile; fileRef = D53610242E2804A2001E15B2 /* iPadIntroViewModel.swift */; };
		D53610292E28064A001E15B2 /* iPhoneIntroViewModel.swift in Sources */ = {isa = PBXBuildFile; fileRef = D53610282E280646001E15B2 /* iPhoneIntroViewModel.swift */; };
		D536102B2E280B92001E15B2 /* HomeLibraryViewModel.swift in Sources */ = {isa = PBXBuildFile; fileRef = D536102A2E280B8A001E15B2 /* HomeLibraryViewModel.swift */; };
		D536102F2E280CF0001E15B2 /* iPadParingViewModel.swift in Sources */ = {isa = PBXBuildFile; fileRef = D536102E2E280CEB001E15B2 /* iPadParingViewModel.swift */; };
		D54E1C9D2E2E6BB200661D28 /* Colors.xcassets in Resources */ = {isa = PBXBuildFile; fileRef = D54E1C9C2E2E6BB200661D28 /* Colors.xcassets */; };
		D552B4B72E29F75D00519860 /* MultipeerManager.swift in Sources */ = {isa = PBXBuildFile; fileRef = D552B4B62E29F75800519860 /* MultipeerManager.swift */; };
		D564C43B2E27A50E00A50B49 /* LivingStory_iOSApp.swift in Sources */ = {isa = PBXBuildFile; fileRef = D564C4382E27A50E00A50B49 /* LivingStory_iOSApp.swift */; };
		D564C43C2E27A50E00A50B49 /* Assets.xcassets in Resources */ = {isa = PBXBuildFile; fileRef = D564C4362E27A50E00A50B49 /* Assets.xcassets */; };
		D5CA2DB22E31D8EA0022C4BB /* FromiPadConnectedAlert.swift in Sources */ = {isa = PBXBuildFile; fileRef = D5CA2DB12E31D8D60022C4BB /* FromiPadConnectedAlert.swift */; };
		D5EBC2822E2FDB9C006A8782 /* BookType+Extension.swift in Sources */ = {isa = PBXBuildFile; fileRef = D5EBC2812E2FDB90006A8782 /* BookType+Extension.swift */; };
		D5EBC2892E2FEE1D006A8782 /* ConnectedAlert.swift in Sources */ = {isa = PBXBuildFile; fileRef = D5EBC2882E2FEE0F006A8782 /* ConnectedAlert.swift */; };
		D5EBC28B2E2FEE3A006A8782 /* DisconnectedAlert.swift in Sources */ = {isa = PBXBuildFile; fileRef = D5EBC28A2E2FEE33006A8782 /* DisconnectedAlert.swift */; };
		D5EBC28F2E2FF93D006A8782 /* NonconnectionAlert.swift in Sources */ = {isa = PBXBuildFile; fileRef = D5EBC28E2E2FF930006A8782 /* NonconnectionAlert.swift */; };
		D5FFF9FC2E2D5D67004C6586 /* MultipeerModels.swift in Sources */ = {isa = PBXBuildFile; fileRef = D5FFF9FB2E2D5D5E004C6586 /* MultipeerModels.swift */; };
		D5FFF9FE2E2D5D93004C6586 /* MultipeerManager+Extension.swift in Sources */ = {isa = PBXBuildFile; fileRef = D5FFF9FD2E2D5D7D004C6586 /* MultipeerManager+Extension.swift */; };
/* End PBXBuildFile section */

/* Begin PBXCopyFilesBuildPhase section */
		D5360FBD2E27D057001E15B2 /* Embed Frameworks */ = {
			isa = PBXCopyFilesBuildPhase;
			buildActionMask = 2147483647;
			dstPath = "";
			dstSubfolderSpec = 10;
			files = (
			);
			name = "Embed Frameworks";
			runOnlyForDeploymentPostprocessing = 0;
		};
/* End PBXCopyFilesBuildPhase section */

/* Begin PBXFileReference section */
		052F269C2E2E5B1C00E86FA2 /* ConnectButtonView.swift */ = {isa = PBXFileReference; lastKnownFileType = sourcecode.swift; path = ConnectButtonView.swift; sourceTree = "<group>"; };
		052F269E2E2E5BDC00E86FA2 /* ConnectImageView.swift */ = {isa = PBXFileReference; lastKnownFileType = sourcecode.swift; path = ConnectImageView.swift; sourceTree = "<group>"; };
		052F26A02E2E5C1900E86FA2 /* WifiConnectView.swift */ = {isa = PBXFileReference; lastKnownFileType = sourcecode.swift; path = WifiConnectView.swift; sourceTree = "<group>"; };
		052F26AF2E2F092E00E86FA2 /* FairyTaleStatusView.swift */ = {isa = PBXFileReference; lastKnownFileType = sourcecode.swift; path = FairyTaleStatusView.swift; sourceTree = "<group>"; };
		052F26B12E2F36FA00E86FA2 /* iPhoneFairyTaleView.swift */ = {isa = PBXFileReference; lastKnownFileType = sourcecode.swift; path = iPhoneFairyTaleView.swift; sourceTree = "<group>"; };
		05CDDF1C2E2FEB0C00455F62 /* iPhoneInteractionView.swift */ = {isa = PBXFileReference; lastKnownFileType = sourcecode.swift; path = iPhoneInteractionView.swift; sourceTree = "<group>"; };
		05CDDF1E2E2FEB2E00455F62 /* FireAnimationView.swift */ = {isa = PBXFileReference; lastKnownFileType = sourcecode.swift; path = FireAnimationView.swift; sourceTree = "<group>"; };
		05CDDF222E2FEBA100455F62 /* AudioInputModel.swift */ = {isa = PBXFileReference; lastKnownFileType = sourcecode.swift; path = AudioInputModel.swift; sourceTree = "<group>"; };
		05CDDF242E2FEC0E00455F62 /* LottieView.swift */ = {isa = PBXFileReference; lastKnownFileType = sourcecode.swift; path = LottieView.swift; sourceTree = "<group>"; };
		05CDDF302E31323D00455F62 /* Fire.json */ = {isa = PBXFileReference; lastKnownFileType = text.json; path = Fire.json; sourceTree = "<group>"; };
		A129B2A12E34DCD4004D8698 /* Wifi.json */ = {isa = PBXFileReference; lastKnownFileType = text.json; path = Wifi.json; sourceTree = "<group>"; };
		A12BB7F32E2F3D5C00D58DBA /* LSLeftButtonView.swift */ = {isa = PBXFileReference; lastKnownFileType = sourcecode.swift; path = LSLeftButtonView.swift; sourceTree = "<group>"; };
		A12BB7F52E2F3D6C00D58DBA /* LSRightButtonView.swift */ = {isa = PBXFileReference; lastKnownFileType = sourcecode.swift; path = LSRightButtonView.swift; sourceTree = "<group>"; };
		A12BB7F72E2F3F3200D58DBA /* LSBottonButtonStackView.swift */ = {isa = PBXFileReference; lastKnownFileType = sourcecode.swift; path = LSBottonButtonStackView.swift; sourceTree = "<group>"; };
		A12BB7FB2E2FA22200D58DBA /* LSReturnToHomeButtonView.swift */ = {isa = PBXFileReference; lastKnownFileType = sourcecode.swift; path = LSReturnToHomeButtonView.swift; sourceTree = "<group>"; };
		A12BB7FD2E2FADD600D58DBA /* FairyTaleInteractionView.swift */ = {isa = PBXFileReference; lastKnownFileType = sourcecode.swift; path = FairyTaleInteractionView.swift; sourceTree = "<group>"; };
		A15FAE822E2BDFBB00468F16 /* PeerModel.swift */ = {isa = PBXFileReference; lastKnownFileType = sourcecode.swift; path = PeerModel.swift; sourceTree = "<group>"; };
		A15FAE842E2BE00800468F16 /* ConnectCellView.swift */ = {isa = PBXFileReference; lastKnownFileType = sourcecode.swift; path = ConnectCellView.swift; sourceTree = "<group>"; };
		A15FAE882E2BF57200468F16 /* iPhoneNoticeView.swift */ = {isa = PBXFileReference; lastKnownFileType = sourcecode.swift; path = iPhoneNoticeView.swift; sourceTree = "<group>"; };
		A15FAE932E2CD9D200468F16 /* iPadFairyTaleView.swift */ = {isa = PBXFileReference; lastKnownFileType = sourcecode.swift; path = iPadFairyTaleView.swift; sourceTree = "<group>"; };
		A15FAE972E2CDA1100468F16 /* iPadFairyTaleViewModel.swift */ = {isa = PBXFileReference; lastKnownFileType = sourcecode.swift; path = iPadFairyTaleViewModel.swift; sourceTree = "<group>"; };
		A15FAE992E2CDC3F00468F16 /* FairyTaleButtonView.swift */ = {isa = PBXFileReference; lastKnownFileType = sourcecode.swift; path = FairyTaleButtonView.swift; sourceTree = "<group>"; };
		A15FAE9B2E2CE2EF00468F16 /* FairyTaleScriptView.swift */ = {isa = PBXFileReference; lastKnownFileType = sourcecode.swift; path = FairyTaleScriptView.swift; sourceTree = "<group>"; };
		A15FAE9D2E2CE49500468F16 /* FairyTaleBackgroundView.swift */ = {isa = PBXFileReference; lastKnownFileType = sourcecode.swift; path = FairyTaleBackgroundView.swift; sourceTree = "<group>"; };
		A15FAEA22E2D020600468F16 /* FairyTaleModel.swift */ = {isa = PBXFileReference; lastKnownFileType = sourcecode.swift; path = FairyTaleModel.swift; sourceTree = "<group>"; };
		A17BF69E2E3128AE006783D1 /* FairyTaleLastPageButtonView.swift */ = {isa = PBXFileReference; lastKnownFileType = sourcecode.swift; path = FairyTaleLastPageButtonView.swift; sourceTree = "<group>"; };
		A17BF6A02E312B1B006783D1 /* FairyTaleEnddingView.swift */ = {isa = PBXFileReference; lastKnownFileType = sourcecode.swift; path = FairyTaleEnddingView.swift; sourceTree = "<group>"; };
		A17BF6EC2E31C3AB006783D1 /* HomeKitManager.swift */ = {isa = PBXFileReference; lastKnownFileType = sourcecode.swift; path = HomeKitManager.swift; sourceTree = "<group>"; };
		A17BF6F02E31C3CD006783D1 /* HomeKitMultipeer+Extexnsion.swift */ = {isa = PBXFileReference; lastKnownFileType = sourcecode.swift; path = "HomeKitMultipeer+Extexnsion.swift"; sourceTree = "<group>"; };
		A17BF6F22E32319D006783D1 /* HomeKitModels.swift */ = {isa = PBXFileReference; lastKnownFileType = sourcecode.swift; path = HomeKitModels.swift; sourceTree = "<group>"; };
		A19ADCA12E2E17B3007BBF05 /* BinggraeSamanco-Bold.ttf */ = {isa = PBXFileReference; lastKnownFileType = file; path = "BinggraeSamanco-Bold.ttf"; sourceTree = "<group>"; };
		A19ADCA32E2E17B9007BBF05 /* Fonts.swift */ = {isa = PBXFileReference; lastKnownFileType = sourcecode.swift; path = Fonts.swift; sourceTree = "<group>"; };
		A19ADCA52E2E17FA007BBF05 /* Info.plist */ = {isa = PBXFileReference; lastKnownFileType = text.plist; path = Info.plist; sourceTree = "<group>"; };
		A19ADCAD2E2E7D8D007BBF05 /* iPhoneNoticeTextView.swift */ = {isa = PBXFileReference; lastKnownFileType = sourcecode.swift; path = iPhoneNoticeTextView.swift; sourceTree = "<group>"; };
		A19ADCB02E2E7EA7007BBF05 /* PeerConnectButtonView.swift */ = {isa = PBXFileReference; lastKnownFileType = sourcecode.swift; path = PeerConnectButtonView.swift; sourceTree = "<group>"; };
		A19ADCB22E2E8082007BBF05 /* FindYouriPhoneTextView.swift */ = {isa = PBXFileReference; lastKnownFileType = sourcecode.swift; path = FindYouriPhoneTextView.swift; sourceTree = "<group>"; };
		A19ADCB42E2E81EF007BBF05 /* ConnectRightPageView.swift */ = {isa = PBXFileReference; lastKnownFileType = sourcecode.swift; path = ConnectRightPageView.swift; sourceTree = "<group>"; };
		A19ADCB62E2E81FD007BBF05 /* ConncetLeftPageView.swift */ = {isa = PBXFileReference; lastKnownFileType = sourcecode.swift; path = ConncetLeftPageView.swift; sourceTree = "<group>"; };
		A1D294722E2B8DA700695EE2 /* HomeInfoFrameView.swift */ = {isa = PBXFileReference; lastKnownFileType = sourcecode.swift; path = HomeInfoFrameView.swift; sourceTree = "<group>"; };
		A1D487FA2E29484100F70879 /* iPhonePairingBackgroundView.swift */ = {isa = PBXFileReference; lastKnownFileType = sourcecode.swift; path = iPhonePairingBackgroundView.swift; sourceTree = "<group>"; };
		A1D487FC2E2948A000F70879 /* PairingBookView.swift */ = {isa = PBXFileReference; lastKnownFileType = sourcecode.swift; path = PairingBookView.swift; sourceTree = "<group>"; };
		A1D487FE2E29493400F70879 /* ConnectListView.swift */ = {isa = PBXFileReference; lastKnownFileType = sourcecode.swift; path = ConnectListView.swift; sourceTree = "<group>"; };
		A1D706252E28DB57008694A8 /* HomeBackgroundView.swift */ = {isa = PBXFileReference; lastKnownFileType = sourcecode.swift; path = HomeBackgroundView.swift; sourceTree = "<group>"; };
		A1D706272E28DFAB008694A8 /* HomeDoorView.swift */ = {isa = PBXFileReference; lastKnownFileType = sourcecode.swift; path = HomeDoorView.swift; sourceTree = "<group>"; };
		A1D7062B2E28E70D008694A8 /* iPhonePairingViewModel.swift */ = {isa = PBXFileReference; lastKnownFileType = sourcecode.swift; path = iPhonePairingViewModel.swift; sourceTree = "<group>"; };
		A1F4C7622E29DCF700044760 /* BookModel.swift */ = {isa = PBXFileReference; lastKnownFileType = sourcecode.swift; path = BookModel.swift; sourceTree = "<group>"; };
		D51A0AA12E31120D00E4D19B /* ConnectListScrollView.swift */ = {isa = PBXFileReference; lastKnownFileType = sourcecode.swift; path = ConnectListScrollView.swift; sourceTree = "<group>"; };
		D5360FFA2E27DA08001E15B2 /* AppRoute.swift */ = {isa = PBXFileReference; lastKnownFileType = sourcecode.swift; path = AppRoute.swift; sourceTree = "<group>"; };
		D5360FFC2E27DA13001E15B2 /* AppCoordinator.swift */ = {isa = PBXFileReference; lastKnownFileType = sourcecode.swift; path = AppCoordinator.swift; sourceTree = "<group>"; };
		D5360FFE2E27DA1C001E15B2 /* RootNavigationView.swift */ = {isa = PBXFileReference; lastKnownFileType = sourcecode.swift; path = RootNavigationView.swift; sourceTree = "<group>"; };
		D53610082E27FA8B001E15B2 /* DeviceInfo.swift */ = {isa = PBXFileReference; lastKnownFileType = sourcecode.swift; path = DeviceInfo.swift; sourceTree = "<group>"; };
		D536100A2E27FBEB001E15B2 /* ModuleFactory.swift */ = {isa = PBXFileReference; lastKnownFileType = sourcecode.swift; path = ModuleFactory.swift; sourceTree = "<group>"; };
		D53610112E27FCD5001E15B2 /* HomeLibraryView.swift */ = {isa = PBXFileReference; lastKnownFileType = sourcecode.swift; path = HomeLibraryView.swift; sourceTree = "<group>"; };
		D53610132E27FE67001E15B2 /* iPhonePairingView.swift */ = {isa = PBXFileReference; lastKnownFileType = sourcecode.swift; path = iPhonePairingView.swift; sourceTree = "<group>"; };
		D536101A2E27FF20001E15B2 /* iPadIntroView.swift */ = {isa = PBXFileReference; lastKnownFileType = sourcecode.swift; path = iPadIntroView.swift; sourceTree = "<group>"; };
		D536101D2E27FF42001E15B2 /* iPhoneIntroView.swift */ = {isa = PBXFileReference; lastKnownFileType = sourcecode.swift; path = iPhoneIntroView.swift; sourceTree = "<group>"; };
		D53610212E280325001E15B2 /* iPadPairingView.swift */ = {isa = PBXFileReference; lastKnownFileType = sourcecode.swift; path = iPadPairingView.swift; sourceTree = "<group>"; };
		D53610242E2804A2001E15B2 /* iPadIntroViewModel.swift */ = {isa = PBXFileReference; lastKnownFileType = sourcecode.swift; path = iPadIntroViewModel.swift; sourceTree = "<group>"; };
		D53610282E280646001E15B2 /* iPhoneIntroViewModel.swift */ = {isa = PBXFileReference; lastKnownFileType = sourcecode.swift; path = iPhoneIntroViewModel.swift; sourceTree = "<group>"; };
		D536102A2E280B8A001E15B2 /* HomeLibraryViewModel.swift */ = {isa = PBXFileReference; lastKnownFileType = sourcecode.swift; path = HomeLibraryViewModel.swift; sourceTree = "<group>"; };
		D536102E2E280CEB001E15B2 /* iPadParingViewModel.swift */ = {isa = PBXFileReference; lastKnownFileType = sourcecode.swift; path = iPadParingViewModel.swift; sourceTree = "<group>"; };
		D54E1C9C2E2E6BB200661D28 /* Colors.xcassets */ = {isa = PBXFileReference; lastKnownFileType = folder.assetcatalog; path = Colors.xcassets; sourceTree = "<group>"; };
		D552B4B62E29F75800519860 /* MultipeerManager.swift */ = {isa = PBXFileReference; lastKnownFileType = sourcecode.swift; path = MultipeerManager.swift; sourceTree = "<group>"; };
		D564C4202E2639F300A50B49 /* LivingStory-iOS.app */ = {isa = PBXFileReference; explicitFileType = wrapper.application; includeInIndex = 0; path = "LivingStory-iOS.app"; sourceTree = BUILT_PRODUCTS_DIR; };
		D564C4362E27A50E00A50B49 /* Assets.xcassets */ = {isa = PBXFileReference; lastKnownFileType = folder.assetcatalog; path = Assets.xcassets; sourceTree = "<group>"; };
		D564C4382E27A50E00A50B49 /* LivingStory_iOSApp.swift */ = {isa = PBXFileReference; lastKnownFileType = sourcecode.swift; path = LivingStory_iOSApp.swift; sourceTree = "<group>"; };
		D564C4A32E27CBF200A50B49 /* HomeKitModule.xcodeproj */ = {isa = PBXFileReference; lastKnownFileType = "wrapper.pb-project"; name = HomeKitModule.xcodeproj; path = /Users/demianyoo/Documents/GitHub/HomeKit/HomeKitModule.xcodeproj; sourceTree = "<absolute>"; };
		D5CA2DB12E31D8D60022C4BB /* FromiPadConnectedAlert.swift */ = {isa = PBXFileReference; lastKnownFileType = sourcecode.swift; path = FromiPadConnectedAlert.swift; sourceTree = "<group>"; };
		D5EBC2812E2FDB90006A8782 /* BookType+Extension.swift */ = {isa = PBXFileReference; lastKnownFileType = sourcecode.swift; path = "BookType+Extension.swift"; sourceTree = "<group>"; };
		D5EBC2882E2FEE0F006A8782 /* ConnectedAlert.swift */ = {isa = PBXFileReference; lastKnownFileType = sourcecode.swift; path = ConnectedAlert.swift; sourceTree = "<group>"; };
		D5EBC28A2E2FEE33006A8782 /* DisconnectedAlert.swift */ = {isa = PBXFileReference; lastKnownFileType = sourcecode.swift; path = DisconnectedAlert.swift; sourceTree = "<group>"; };
		D5EBC28E2E2FF930006A8782 /* NonconnectionAlert.swift */ = {isa = PBXFileReference; lastKnownFileType = sourcecode.swift; path = NonconnectionAlert.swift; sourceTree = "<group>"; };
		D5FFF9FB2E2D5D5E004C6586 /* MultipeerModels.swift */ = {isa = PBXFileReference; lastKnownFileType = sourcecode.swift; path = MultipeerModels.swift; sourceTree = "<group>"; };
		D5FFF9FD2E2D5D7D004C6586 /* MultipeerManager+Extension.swift */ = {isa = PBXFileReference; lastKnownFileType = sourcecode.swift; path = "MultipeerManager+Extension.swift"; sourceTree = "<group>"; };
/* End PBXFileReference section */

/* Begin PBXFrameworksBuildPhase section */
		D564C41D2E2639F300A50B49 /* Frameworks */ = {
			isa = PBXFrameworksBuildPhase;
			buildActionMask = 2147483647;
			files = (
				A129B29C2E34D610004D8698 /* Lottie in Frameworks */,
			);
			runOnlyForDeploymentPostprocessing = 0;
		};
/* End PBXFrameworksBuildPhase section */

/* Begin PBXGroup section */
		052F26A22E2E5D4700E86FA2 /* SubView */ = {
			isa = PBXGroup;
			children = (
				052F269E2E2E5BDC00E86FA2 /* ConnectImageView.swift */,
				052F26A02E2E5C1900E86FA2 /* WifiConnectView.swift */,
				052F269C2E2E5B1C00E86FA2 /* ConnectButtonView.swift */,
			);
			path = SubView;
			sourceTree = "<group>";
		};
		052F26AE2E2F08B300E86FA2 /* iPhoneFairyTale */ = {
			isa = PBXGroup;
			children = (
				05CDDF302E31323D00455F62 /* Fire.json */,
				052F26B12E2F36FA00E86FA2 /* iPhoneFairyTaleView.swift */,
				052F26AF2E2F092E00E86FA2 /* FairyTaleStatusView.swift */,
				05CDDF272E2FEC5D00455F62 /* AVFoundation */,
				05CDDF262E2FEC3900455F62 /* Lottie */,
				05CDDF1C2E2FEB0C00455F62 /* iPhoneInteractionView.swift */,
			);
			path = iPhoneFairyTale;
			sourceTree = "<group>";
		};
		05CDDF262E2FEC3900455F62 /* Lottie */ = {
			isa = PBXGroup;
			children = (
				05CDDF242E2FEC0E00455F62 /* LottieView.swift */,
				05CDDF1E2E2FEB2E00455F62 /* FireAnimationView.swift */,
			);
			path = Lottie;
			sourceTree = "<group>";
		};
		05CDDF272E2FEC5D00455F62 /* AVFoundation */ = {
			isa = PBXGroup;
			children = (
				05CDDF222E2FEBA100455F62 /* AudioInputModel.swift */,
			);
			path = AVFoundation;
			sourceTree = "<group>";
		};
		A13BBF712E294E9100B91453 /* View */ = {
			isa = PBXGroup;
			children = (
				A19ADCAF2E2E7E69007BBF05 /* SubView */,
				A1D487FC2E2948A000F70879 /* PairingBookView.swift */,
				A1D487FA2E29484100F70879 /* iPhonePairingBackgroundView.swift */,
			);
			path = View;
			sourceTree = "<group>";
		};
		A15FAE8A2E2BF94A00468F16 /* ViewModel */ = {
			isa = PBXGroup;
			children = (
				A1D7062B2E28E70D008694A8 /* iPhonePairingViewModel.swift */,
			);
			path = ViewModel;
			sourceTree = "<group>";
		};
		A15FAE8B2E2BF95400468F16 /* Model */ = {
			isa = PBXGroup;
			children = (
				A15FAE822E2BDFBB00468F16 /* PeerModel.swift */,
			);
			path = Model;
			sourceTree = "<group>";
		};
		A15FAE8F2E2CD93A00468F16 /* View */ = {
			isa = PBXGroup;
			children = (
				A17BF6A02E312B1B006783D1 /* FairyTaleEnddingView.swift */,
				A17BF69E2E3128AE006783D1 /* FairyTaleLastPageButtonView.swift */,
				A15FAE992E2CDC3F00468F16 /* FairyTaleButtonView.swift */,
				A15FAE9B2E2CE2EF00468F16 /* FairyTaleScriptView.swift */,
				A12BB7FD2E2FADD600D58DBA /* FairyTaleInteractionView.swift */,
				A15FAE9D2E2CE49500468F16 /* FairyTaleBackgroundView.swift */,
			);
			path = View;
			sourceTree = "<group>";
		};
		A15FAE912E2CD95000468F16 /* iPadFairyTale */ = {
			isa = PBXGroup;
			children = (
				A15FAE932E2CD9D200468F16 /* iPadFairyTaleView.swift */,
				A15FAE8F2E2CD93A00468F16 /* View */,
				A15FAE922E2CD96200468F16 /* ViewModel */,
				A15FAEA12E2D01F900468F16 /* Model */,
			);
			path = iPadFairyTale;
			sourceTree = "<group>";
		};
		A15FAE922E2CD96200468F16 /* ViewModel */ = {
			isa = PBXGroup;
			children = (
				A15FAE972E2CDA1100468F16 /* iPadFairyTaleViewModel.swift */,
			);
			path = ViewModel;
			sourceTree = "<group>";
		};
		A15FAEA12E2D01F900468F16 /* Model */ = {
			isa = PBXGroup;
			children = (
				A15FAEA22E2D020600468F16 /* FairyTaleModel.swift */,
			);
			path = Model;
			sourceTree = "<group>";
		};
		A17BF6E92E31C314006783D1 /* HomeKitModule */ = {
			isa = PBXGroup;
			children = (
				A17BF6F22E32319D006783D1 /* HomeKitModels.swift */,
				A17BF6F02E31C3CD006783D1 /* HomeKitMultipeer+Extexnsion.swift */,
				A17BF6EC2E31C3AB006783D1 /* HomeKitManager.swift */,
			);
			path = HomeKitModule;
			sourceTree = "<group>";
		};
		A19ADCA02E2E179C007BBF05 /* Resources */ = {
			isa = PBXGroup;
			children = (
				D54E1C9A2E2E6B4E00661D28 /* Fonts */,
				D564C4362E27A50E00A50B49 /* Assets.xcassets */,
				D54E1C9C2E2E6BB200661D28 /* Colors.xcassets */,
			);
			path = Resources;
			sourceTree = "<group>";
		};
		A19ADCAF2E2E7E69007BBF05 /* SubView */ = {
			isa = PBXGroup;
			children = (
				D51A0AA12E31120D00E4D19B /* ConnectListScrollView.swift */,
				A19ADCB62E2E81FD007BBF05 /* ConncetLeftPageView.swift */,
				A19ADCB42E2E81EF007BBF05 /* ConnectRightPageView.swift */,
				A19ADCB02E2E7EA7007BBF05 /* PeerConnectButtonView.swift */,
				A15FAE842E2BE00800468F16 /* ConnectCellView.swift */,
				A1D487FE2E29493400F70879 /* ConnectListView.swift */,
				A15FAE882E2BF57200468F16 /* iPhoneNoticeView.swift */,
				A19ADCAD2E2E7D8D007BBF05 /* iPhoneNoticeTextView.swift */,
				A19ADCB22E2E8082007BBF05 /* FindYouriPhoneTextView.swift */,
			);
			path = SubView;
			sourceTree = "<group>";
		};
		A19ADCBA2E2E842F007BBF05 /* Components */ = {
			isa = PBXGroup;
			children = (
				D5EBC2842E2FEDAA006A8782 /* Alerts */,
				A12BB7FB2E2FA22200D58DBA /* LSReturnToHomeButtonView.swift */,
				A12BB7F32E2F3D5C00D58DBA /* LSLeftButtonView.swift */,
				A12BB7F52E2F3D6C00D58DBA /* LSRightButtonView.swift */,
				A12BB7F72E2F3F3200D58DBA /* LSBottonButtonStackView.swift */,
			);
			path = Components;
			sourceTree = "<group>";
		};
		A1D294702E29E37700695EE2 /* Products */ = {
			isa = PBXGroup;
			name = Products;
			sourceTree = "<group>";
		};
		A1D706242E28DA8D008694A8 /* View */ = {
			isa = PBXGroup;
			children = (
				A1D706252E28DB57008694A8 /* HomeBackgroundView.swift */,
				A1D706272E28DFAB008694A8 /* HomeDoorView.swift */,
				A1D294722E2B8DA700695EE2 /* HomeInfoFrameView.swift */,
			);
			path = View;
			sourceTree = "<group>";
		};
		A1F4C7612E29DCE900044760 /* Model */ = {
			isa = PBXGroup;
			children = (
				D5EBC2812E2FDB90006A8782 /* BookType+Extension.swift */,
				A1F4C7622E29DCF700044760 /* BookModel.swift */,
			);
			path = Model;
			sourceTree = "<group>";
		};
		D5360FF92E27D9E4001E15B2 /* App */ = {
			isa = PBXGroup;
			children = (
				D564C4382E27A50E00A50B49 /* LivingStory_iOSApp.swift */,
				D5360FFE2E27DA1C001E15B2 /* RootNavigationView.swift */,
				D53610082E27FA8B001E15B2 /* DeviceInfo.swift */,
				D564C43D2E27A7F700A50B49 /* Coordinator */,
				D564C43E2E27A80700A50B49 /* Factory */,
			);
			path = App;
			sourceTree = "<group>";
		};
		D536100C2E27FC84001E15B2 /* Library */ = {
			isa = PBXGroup;
			children = (
				D53610112E27FCD5001E15B2 /* HomeLibraryView.swift */,
				A1D706242E28DA8D008694A8 /* View */,
				D536100F2E27FCBD001E15B2 /* ViewModel */,
				A1F4C7612E29DCE900044760 /* Model */,
			);
			path = Library;
			sourceTree = "<group>";
		};
		D536100D2E27FCA7001E15B2 /* iPhonePairing */ = {
			isa = PBXGroup;
			children = (
				D53610132E27FE67001E15B2 /* iPhonePairingView.swift */,
				A13BBF712E294E9100B91453 /* View */,
				A15FAE8A2E2BF94A00468F16 /* ViewModel */,
				A15FAE8B2E2BF95400468F16 /* Model */,
			);
			path = iPhonePairing;
			sourceTree = "<group>";
		};
		D536100F2E27FCBD001E15B2 /* ViewModel */ = {
			isa = PBXGroup;
			children = (
				D536102A2E280B8A001E15B2 /* HomeLibraryViewModel.swift */,
			);
			path = ViewModel;
			sourceTree = "<group>";
		};
		D53610192E27FF17001E15B2 /* iPadIntro */ = {
			isa = PBXGroup;
			children = (
				D536101A2E27FF20001E15B2 /* iPadIntroView.swift */,
				D53610232E28049C001E15B2 /* ViewModel */,
			);
			path = iPadIntro;
			sourceTree = "<group>";
		};
		D536101C2E27FF39001E15B2 /* iPhoneIntro */ = {
			isa = PBXGroup;
			children = (
				D536101D2E27FF42001E15B2 /* iPhoneIntroView.swift */,
				D53610262E28060D001E15B2 /* ViewModel */,
			);
			path = iPhoneIntro;
			sourceTree = "<group>";
		};
		D536101F2E28030A001E15B2 /* iPadPairing */ = {
			isa = PBXGroup;
			children = (
				D53610212E280325001E15B2 /* iPadPairingView.swift */,
				A129B2A12E34DCD4004D8698 /* Wifi.json */,
				052F26A22E2E5D4700E86FA2 /* SubView */,
				D53610272E280616001E15B2 /* ViewModel */,
			);
			path = iPadPairing;
			sourceTree = "<group>";
		};
		D53610232E28049C001E15B2 /* ViewModel */ = {
			isa = PBXGroup;
			children = (
				D53610242E2804A2001E15B2 /* iPadIntroViewModel.swift */,
			);
			path = ViewModel;
			sourceTree = "<group>";
		};
		D53610262E28060D001E15B2 /* ViewModel */ = {
			isa = PBXGroup;
			children = (
				D53610282E280646001E15B2 /* iPhoneIntroViewModel.swift */,
			);
			path = ViewModel;
			sourceTree = "<group>";
		};
		D53610272E280616001E15B2 /* ViewModel */ = {
			isa = PBXGroup;
			children = (
				D536102E2E280CEB001E15B2 /* iPadParingViewModel.swift */,
			);
			path = ViewModel;
			sourceTree = "<group>";
		};
		D54E1C992E2E6AAC00661D28 /* DesignSystem */ = {
			isa = PBXGroup;
			children = (
				A19ADCA32E2E17B9007BBF05 /* Fonts.swift */,
			);
			path = DesignSystem;
			sourceTree = "<group>";
		};
		D54E1C9A2E2E6B4E00661D28 /* Fonts */ = {
			isa = PBXGroup;
			children = (
				A19ADCA12E2E17B3007BBF05 /* BinggraeSamanco-Bold.ttf */,
			);
			path = Fonts;
			sourceTree = "<group>";
		};
		D552B4B32E29F6EB00519860 /* Core */ = {
			isa = PBXGroup;
			children = (
				A19ADCBA2E2E842F007BBF05 /* Components */,
				D54E1C992E2E6AAC00661D28 /* DesignSystem */,
				A19ADCA02E2E179C007BBF05 /* Resources */,
				D552B4B52E29F75000519860 /* Modules */,
			);
			path = Core;
			sourceTree = "<group>";
		};
		D552B4B42E29F6F300519860 /* MultipeerModule */ = {
			isa = PBXGroup;
			children = (
				D5FFF9FB2E2D5D5E004C6586 /* MultipeerModels.swift */,
				D552B4B62E29F75800519860 /* MultipeerManager.swift */,
				D5FFF9FD2E2D5D7D004C6586 /* MultipeerManager+Extension.swift */,
			);
			path = MultipeerModule;
			sourceTree = "<group>";
		};
		D552B4B52E29F75000519860 /* Modules */ = {
			isa = PBXGroup;
			children = (
				A17BF6E92E31C314006783D1 /* HomeKitModule */,
				D552B4B42E29F6F300519860 /* MultipeerModule */,
			);
			path = Modules;
			sourceTree = "<group>";
		};
		D564C4172E2639F300A50B49 = {
			isa = PBXGroup;
			children = (
				D564C4392E27A50E00A50B49 /* LivingStory-iOS */,
				D564C4212E2639F300A50B49 /* Products */,
			);
			sourceTree = "<group>";
		};
		D564C4212E2639F300A50B49 /* Products */ = {
			isa = PBXGroup;
			children = (
				D564C4202E2639F300A50B49 /* LivingStory-iOS.app */,
			);
			name = Products;
			sourceTree = "<group>";
		};
		D564C4392E27A50E00A50B49 /* LivingStory-iOS */ = {
			isa = PBXGroup;
			children = (
				A19ADCA52E2E17FA007BBF05 /* Info.plist */,
				D5360FF92E27D9E4001E15B2 /* App */,
				D552B4B32E29F6EB00519860 /* Core */,
				D564C4432E27B7EE00A50B49 /* iPad */,
				D564C4422E27B7E700A50B49 /* iPhone */,
			);
			path = "LivingStory-iOS";
			sourceTree = "<group>";
		};
		D564C43D2E27A7F700A50B49 /* Coordinator */ = {
			isa = PBXGroup;
			children = (
				D5360FFA2E27DA08001E15B2 /* AppRoute.swift */,
				D5360FFC2E27DA13001E15B2 /* AppCoordinator.swift */,
			);
			path = Coordinator;
			sourceTree = "<group>";
		};
		D564C43E2E27A80700A50B49 /* Factory */ = {
			isa = PBXGroup;
			children = (
				D536100A2E27FBEB001E15B2 /* ModuleFactory.swift */,
			);
			path = Factory;
			sourceTree = "<group>";
		};
		D564C4422E27B7E700A50B49 /* iPhone */ = {
			isa = PBXGroup;
			children = (
				052F26AE2E2F08B300E86FA2 /* iPhoneFairyTale */,
				D536101C2E27FF39001E15B2 /* iPhoneIntro */,
				D536101F2E28030A001E15B2 /* iPadPairing */,
			);
			path = iPhone;
			sourceTree = "<group>";
		};
		D564C4432E27B7EE00A50B49 /* iPad */ = {
			isa = PBXGroup;
			children = (
				D53610192E27FF17001E15B2 /* iPadIntro */,
				D536100C2E27FC84001E15B2 /* Library */,
				D536100D2E27FCA7001E15B2 /* iPhonePairing */,
				A15FAE912E2CD95000468F16 /* iPadFairyTale */,
			);
			path = iPad;
			sourceTree = "<group>";
		};
		D5EBC2842E2FEDAA006A8782 /* Alerts */ = {
			isa = PBXGroup;
			children = (
				D5CA2DB12E31D8D60022C4BB /* FromiPadConnectedAlert.swift */,
				D5EBC28E2E2FF930006A8782 /* NonconnectionAlert.swift */,
				D5EBC28A2E2FEE33006A8782 /* DisconnectedAlert.swift */,
				D5EBC2882E2FEE0F006A8782 /* ConnectedAlert.swift */,
			);
			path = Alerts;
			sourceTree = "<group>";
		};
/* End PBXGroup section */

/* Begin PBXNativeTarget section */
		D564C41F2E2639F300A50B49 /* LivingStory-iOS */ = {
			isa = PBXNativeTarget;
			buildConfigurationList = D564C42D2E2639F500A50B49 /* Build configuration list for PBXNativeTarget "LivingStory-iOS" */;
			buildPhases = (
				D564C41C2E2639F300A50B49 /* Sources */,
				D564C41D2E2639F300A50B49 /* Frameworks */,
				D564C41E2E2639F300A50B49 /* Resources */,
				D5360FBD2E27D057001E15B2 /* Embed Frameworks */,
			);
			buildRules = (
			);
			dependencies = (
			);
			name = "LivingStory-iOS";
			packageProductDependencies = (
				A129B29B2E34D610004D8698 /* Lottie */,
			);
			productName = "LivingStory-iOS";
			productReference = D564C4202E2639F300A50B49 /* LivingStory-iOS.app */;
			productType = "com.apple.product-type.application";
		};
/* End PBXNativeTarget section */

/* Begin PBXProject section */
		D564C4182E2639F300A50B49 /* Project object */ = {
			isa = PBXProject;
			attributes = {
				BuildIndependentTargetsInParallel = 1;
				LastSwiftUpdateCheck = 1640;
				LastUpgradeCheck = 1640;
				TargetAttributes = {
					D564C41F2E2639F300A50B49 = {
						CreatedOnToolsVersion = 16.4;
					};
				};
			};
			buildConfigurationList = D564C41B2E2639F300A50B49 /* Build configuration list for PBXProject "LivingStory-iOS" */;
			developmentRegion = en;
			hasScannedForEncodings = 0;
			knownRegions = (
				en,
				Base,
			);
			mainGroup = D564C4172E2639F300A50B49;
			minimizedProjectReferenceProxies = 1;
			packageReferences = (
				A129B29A2E34D610004D8698 /* XCRemoteSwiftPackageReference "lottie-spm" */,
			);
			preferredProjectObjectVersion = 77;
			productRefGroup = D564C4212E2639F300A50B49 /* Products */;
			projectDirPath = "";
			projectReferences = (
				{
					ProductGroup = A1D294702E29E37700695EE2 /* Products */;
					ProjectRef = D564C4A32E27CBF200A50B49 /* HomeKitModule.xcodeproj */;
				},
			);
			projectRoot = "";
			targets = (
				D564C41F2E2639F300A50B49 /* LivingStory-iOS */,
			);
		};
/* End PBXProject section */

/* Begin PBXResourcesBuildPhase section */
		D564C41E2E2639F300A50B49 /* Resources */ = {
			isa = PBXResourcesBuildPhase;
			buildActionMask = 2147483647;
			files = (
				A129B2A22E34DCD4004D8698 /* Wifi.json in Resources */,
				D54E1C9D2E2E6BB200661D28 /* Colors.xcassets in Resources */,
				D564C43C2E27A50E00A50B49 /* Assets.xcassets in Resources */,
				05CDDF312E31323D00455F62 /* Fire.json in Resources */,
				A19ADCA22E2E17B3007BBF05 /* BinggraeSamanco-Bold.ttf in Resources */,
			);
			runOnlyForDeploymentPostprocessing = 0;
		};
/* End PBXResourcesBuildPhase section */

/* Begin PBXSourcesBuildPhase section */
		D564C41C2E2639F300A50B49 /* Sources */ = {
			isa = PBXSourcesBuildPhase;
			buildActionMask = 2147483647;
			files = (
				052F269F2E2E5BDC00E86FA2 /* ConnectImageView.swift in Sources */,
				A15FAE982E2CDA1800468F16 /* iPadFairyTaleViewModel.swift in Sources */,
				A19ADCAE2E2E7D9A007BBF05 /* iPhoneNoticeTextView.swift in Sources */,
				D5CA2DB22E31D8EA0022C4BB /* FromiPadConnectedAlert.swift in Sources */,
				A15FAEA32E2D021100468F16 /* FairyTaleModel.swift in Sources */,
				A1D487FB2E29484100F70879 /* iPhonePairingBackgroundView.swift in Sources */,
				A19ADCB72E2E8205007BBF05 /* ConncetLeftPageView.swift in Sources */,
				A15FAE852E2BE01400468F16 /* ConnectCellView.swift in Sources */,
				A19ADCB52E2E81F8007BBF05 /* ConnectRightPageView.swift in Sources */,
				D5360FFD2E27DA19001E15B2 /* AppCoordinator.swift in Sources */,
				D53610252E2804AA001E15B2 /* iPadIntroViewModel.swift in Sources */,
				D552B4B72E29F75D00519860 /* MultipeerManager.swift in Sources */,
				A17BF6ED2E31C3B2006783D1 /* HomeKitManager.swift in Sources */,
				A12BB7FC2E2FA23200D58DBA /* LSReturnToHomeButtonView.swift in Sources */,
				A15FAE9A2E2CDC8200468F16 /* FairyTaleButtonView.swift in Sources */,
				A1D487FD2E2948AA00F70879 /* PairingBookView.swift in Sources */,
				A12BB7F42E2F3D6300D58DBA /* LSLeftButtonView.swift in Sources */,
				A17BF6F12E31C3D2006783D1 /* HomeKitMultipeer+Extexnsion.swift in Sources */,
				D53610122E27FCFB001E15B2 /* HomeLibraryView.swift in Sources */,
				D53610292E28064A001E15B2 /* iPhoneIntroViewModel.swift in Sources */,
				05CDDF232E2FEBA100455F62 /* AudioInputModel.swift in Sources */,
				A15FAE942E2CD9D200468F16 /* iPadFairyTaleView.swift in Sources */,
				A12BB7FE2E2FADDF00D58DBA /* FairyTaleInteractionView.swift in Sources */,
				D5EBC2892E2FEE1D006A8782 /* ConnectedAlert.swift in Sources */,
				D5FFF9FE2E2D5D93004C6586 /* MultipeerManager+Extension.swift in Sources */,
				A19ADCB12E2E7EAC007BBF05 /* PeerConnectButtonView.swift in Sources */,
				D51A0AA22E31121300E4D19B /* ConnectListScrollView.swift in Sources */,
				A15FAE892E2BF57800468F16 /* iPhoneNoticeView.swift in Sources */,
				D5FFF9FC2E2D5D67004C6586 /* MultipeerModels.swift in Sources */,
				A1D7062C2E28E715008694A8 /* iPhonePairingViewModel.swift in Sources */,
				A15FAE832E2BDFBE00468F16 /* PeerModel.swift in Sources */,
				A19ADCB32E2E8099007BBF05 /* FindYouriPhoneTextView.swift in Sources */,
				D536102F2E280CF0001E15B2 /* iPadParingViewModel.swift in Sources */,
				D53610142E27FE72001E15B2 /* iPhonePairingView.swift in Sources */,
				05CDDF1D2E2FEB0C00455F62 /* iPhoneInteractionView.swift in Sources */,
				A12BB7F82E2F3F7A00D58DBA /* LSBottonButtonStackView.swift in Sources */,
				D5EBC2822E2FDB9C006A8782 /* BookType+Extension.swift in Sources */,
				A15FAE9C2E2CE2EF00468F16 /* FairyTaleScriptView.swift in Sources */,
				D536102B2E280B92001E15B2 /* HomeLibraryViewModel.swift in Sources */,
				A17BF69F2E3128BB006783D1 /* FairyTaleLastPageButtonView.swift in Sources */,
				05CDDF1F2E2FEB2E00455F62 /* FireAnimationView.swift in Sources */,
				A1D706262E28DB60008694A8 /* HomeBackgroundView.swift in Sources */,
				A17BF6F32E3231A4006783D1 /* HomeKitModels.swift in Sources */,
				A12BB7F62E2F3D7200D58DBA /* LSRightButtonView.swift in Sources */,
				A17BF6A12E312B26006783D1 /* FairyTaleEnddingView.swift in Sources */,
				A19ADCA42E2E17BB007BBF05 /* Fonts.swift in Sources */,
				D5EBC28B2E2FEE3A006A8782 /* DisconnectedAlert.swift in Sources */,
				D53610092E27FA92001E15B2 /* DeviceInfo.swift in Sources */,
				D536101E2E27FF4B001E15B2 /* iPhoneIntroView.swift in Sources */,
				052F26B22E2F36FA00E86FA2 /* iPhoneFairyTaleView.swift in Sources */,
				D564C43B2E27A50E00A50B49 /* LivingStory_iOSApp.swift in Sources */,
				D5360FFB2E27DA0C001E15B2 /* AppRoute.swift in Sources */,
				05CDDF252E2FEC0E00455F62 /* LottieView.swift in Sources */,
				052F26B02E2F092E00E86FA2 /* FairyTaleStatusView.swift in Sources */,
				A15FAE9E2E2CE49500468F16 /* FairyTaleBackgroundView.swift in Sources */,
				A1D294732E2B8DAA00695EE2 /* HomeInfoFrameView.swift in Sources */,
				D5EBC28F2E2FF93D006A8782 /* NonconnectionAlert.swift in Sources */,
				052F269D2E2E5B1C00E86FA2 /* ConnectButtonView.swift in Sources */,
				D5360FFF2E27DA23001E15B2 /* RootNavigationView.swift in Sources */,
				A1F4C7632E29DCFB00044760 /* BookModel.swift in Sources */,
				A1D706282E28DFAB008694A8 /* HomeDoorView.swift in Sources */,
				A1D487FF2E29493600F70879 /* ConnectListView.swift in Sources */,
				052F26A12E2E5C1900E86FA2 /* WifiConnectView.swift in Sources */,
				D536101B2E27FF34001E15B2 /* iPadIntroView.swift in Sources */,
				D536100B2E27FBF7001E15B2 /* ModuleFactory.swift in Sources */,
				D53610222E28032C001E15B2 /* iPadPairingView.swift in Sources */,
			);
			runOnlyForDeploymentPostprocessing = 0;
		};
/* End PBXSourcesBuildPhase section */

/* Begin XCBuildConfiguration section */
		D564C42B2E2639F500A50B49 /* Debug */ = {
			isa = XCBuildConfiguration;
			buildSettings = {
				ALWAYS_SEARCH_USER_PATHS = NO;
				ASSETCATALOG_COMPILER_GENERATE_SWIFT_ASSET_SYMBOL_EXTENSIONS = YES;
				CLANG_ANALYZER_NONNULL = YES;
				CLANG_ANALYZER_NUMBER_OBJECT_CONVERSION = YES_AGGRESSIVE;
				CLANG_CXX_LANGUAGE_STANDARD = "gnu++20";
				CLANG_ENABLE_MODULES = YES;
				CLANG_ENABLE_OBJC_ARC = YES;
				CLANG_ENABLE_OBJC_WEAK = YES;
				CLANG_WARN_BLOCK_CAPTURE_AUTORELEASING = YES;
				CLANG_WARN_BOOL_CONVERSION = YES;
				CLANG_WARN_COMMA = YES;
				CLANG_WARN_CONSTANT_CONVERSION = YES;
				CLANG_WARN_DEPRECATED_OBJC_IMPLEMENTATIONS = YES;
				CLANG_WARN_DIRECT_OBJC_ISA_USAGE = YES_ERROR;
				CLANG_WARN_DOCUMENTATION_COMMENTS = YES;
				CLANG_WARN_EMPTY_BODY = YES;
				CLANG_WARN_ENUM_CONVERSION = YES;
				CLANG_WARN_INFINITE_RECURSION = YES;
				CLANG_WARN_INT_CONVERSION = YES;
				CLANG_WARN_NON_LITERAL_NULL_CONVERSION = YES;
				CLANG_WARN_OBJC_IMPLICIT_RETAIN_SELF = YES;
				CLANG_WARN_OBJC_LITERAL_CONVERSION = YES;
				CLANG_WARN_OBJC_ROOT_CLASS = YES_ERROR;
				CLANG_WARN_QUOTED_INCLUDE_IN_FRAMEWORK_HEADER = YES;
				CLANG_WARN_RANGE_LOOP_ANALYSIS = YES;
				CLANG_WARN_STRICT_PROTOTYPES = YES;
				CLANG_WARN_SUSPICIOUS_MOVE = YES;
				CLANG_WARN_UNGUARDED_AVAILABILITY = YES_AGGRESSIVE;
				CLANG_WARN_UNREACHABLE_CODE = YES;
				CLANG_WARN__DUPLICATE_METHOD_MATCH = YES;
				COPY_PHASE_STRIP = NO;
				DEBUG_INFORMATION_FORMAT = dwarf;
				DEVELOPMENT_TEAM = 9S8SHSW95K;
				ENABLE_STRICT_OBJC_MSGSEND = YES;
				ENABLE_TESTABILITY = YES;
				ENABLE_USER_SCRIPT_SANDBOXING = YES;
				GCC_C_LANGUAGE_STANDARD = gnu17;
				GCC_DYNAMIC_NO_PIC = NO;
				GCC_NO_COMMON_BLOCKS = YES;
				GCC_OPTIMIZATION_LEVEL = 0;
				GCC_PREPROCESSOR_DEFINITIONS = (
					"DEBUG=1",
					"$(inherited)",
				);
				GCC_WARN_64_TO_32_BIT_CONVERSION = YES;
				GCC_WARN_ABOUT_RETURN_TYPE = YES_ERROR;
				GCC_WARN_UNDECLARED_SELECTOR = YES;
				GCC_WARN_UNINITIALIZED_AUTOS = YES_AGGRESSIVE;
				GCC_WARN_UNUSED_FUNCTION = YES;
				GCC_WARN_UNUSED_VARIABLE = YES;
				IPHONEOS_DEPLOYMENT_TARGET = 18.5;
				LOCALIZATION_PREFERS_STRING_CATALOGS = YES;
				MTL_ENABLE_DEBUG_INFO = INCLUDE_SOURCE;
				MTL_FAST_MATH = YES;
				ONLY_ACTIVE_ARCH = YES;
				SDKROOT = iphoneos;
				SWIFT_ACTIVE_COMPILATION_CONDITIONS = "DEBUG $(inherited)";
				SWIFT_OPTIMIZATION_LEVEL = "-Onone";
			};
			name = Debug;
		};
		D564C42C2E2639F500A50B49 /* Release */ = {
			isa = XCBuildConfiguration;
			buildSettings = {
				ALWAYS_SEARCH_USER_PATHS = NO;
				ASSETCATALOG_COMPILER_GENERATE_SWIFT_ASSET_SYMBOL_EXTENSIONS = YES;
				CLANG_ANALYZER_NONNULL = YES;
				CLANG_ANALYZER_NUMBER_OBJECT_CONVERSION = YES_AGGRESSIVE;
				CLANG_CXX_LANGUAGE_STANDARD = "gnu++20";
				CLANG_ENABLE_MODULES = YES;
				CLANG_ENABLE_OBJC_ARC = YES;
				CLANG_ENABLE_OBJC_WEAK = YES;
				CLANG_WARN_BLOCK_CAPTURE_AUTORELEASING = YES;
				CLANG_WARN_BOOL_CONVERSION = YES;
				CLANG_WARN_COMMA = YES;
				CLANG_WARN_CONSTANT_CONVERSION = YES;
				CLANG_WARN_DEPRECATED_OBJC_IMPLEMENTATIONS = YES;
				CLANG_WARN_DIRECT_OBJC_ISA_USAGE = YES_ERROR;
				CLANG_WARN_DOCUMENTATION_COMMENTS = YES;
				CLANG_WARN_EMPTY_BODY = YES;
				CLANG_WARN_ENUM_CONVERSION = YES;
				CLANG_WARN_INFINITE_RECURSION = YES;
				CLANG_WARN_INT_CONVERSION = YES;
				CLANG_WARN_NON_LITERAL_NULL_CONVERSION = YES;
				CLANG_WARN_OBJC_IMPLICIT_RETAIN_SELF = YES;
				CLANG_WARN_OBJC_LITERAL_CONVERSION = YES;
				CLANG_WARN_OBJC_ROOT_CLASS = YES_ERROR;
				CLANG_WARN_QUOTED_INCLUDE_IN_FRAMEWORK_HEADER = YES;
				CLANG_WARN_RANGE_LOOP_ANALYSIS = YES;
				CLANG_WARN_STRICT_PROTOTYPES = YES;
				CLANG_WARN_SUSPICIOUS_MOVE = YES;
				CLANG_WARN_UNGUARDED_AVAILABILITY = YES_AGGRESSIVE;
				CLANG_WARN_UNREACHABLE_CODE = YES;
				CLANG_WARN__DUPLICATE_METHOD_MATCH = YES;
				COPY_PHASE_STRIP = NO;
				DEBUG_INFORMATION_FORMAT = "dwarf-with-dsym";
				DEVELOPMENT_TEAM = 9S8SHSW95K;
				ENABLE_NS_ASSERTIONS = NO;
				ENABLE_STRICT_OBJC_MSGSEND = YES;
				ENABLE_USER_SCRIPT_SANDBOXING = YES;
				GCC_C_LANGUAGE_STANDARD = gnu17;
				GCC_NO_COMMON_BLOCKS = YES;
				GCC_WARN_64_TO_32_BIT_CONVERSION = YES;
				GCC_WARN_ABOUT_RETURN_TYPE = YES_ERROR;
				GCC_WARN_UNDECLARED_SELECTOR = YES;
				GCC_WARN_UNINITIALIZED_AUTOS = YES_AGGRESSIVE;
				GCC_WARN_UNUSED_FUNCTION = YES;
				GCC_WARN_UNUSED_VARIABLE = YES;
				IPHONEOS_DEPLOYMENT_TARGET = 18.5;
				LOCALIZATION_PREFERS_STRING_CATALOGS = YES;
				MTL_ENABLE_DEBUG_INFO = NO;
				MTL_FAST_MATH = YES;
				SDKROOT = iphoneos;
				SWIFT_COMPILATION_MODE = wholemodule;
				VALIDATE_PRODUCT = YES;
			};
			name = Release;
		};
		D564C42E2E2639F500A50B49 /* Debug */ = {
			isa = XCBuildConfiguration;
			buildSettings = {
				ASSETCATALOG_COMPILER_APPICON_NAME = AppIcon;
				ASSETCATALOG_COMPILER_GLOBAL_ACCENT_COLOR_NAME = AccentColor;
				CODE_SIGN_STYLE = Automatic;
				CURRENT_PROJECT_VERSION = 1;
				DEVELOPMENT_TEAM = 8FKM9FB4PH;
				ENABLE_PREVIEWS = YES;
				GENERATE_INFOPLIST_FILE = YES;
				INFOPLIST_FILE = "LivingStory-iOS/Info.plist";
				INFOPLIST_KEY_UIApplicationSceneManifest_Generation = YES;
				INFOPLIST_KEY_UIApplicationSupportsIndirectInputEvents = YES;
				INFOPLIST_KEY_UILaunchScreen_Generation = YES;
				INFOPLIST_KEY_UISupportedInterfaceOrientations_iPad = "UIInterfaceOrientationPortrait UIInterfaceOrientationPortraitUpsideDown UIInterfaceOrientationLandscapeLeft UIInterfaceOrientationLandscapeRight";
				INFOPLIST_KEY_UISupportedInterfaceOrientations_iPhone = "UIInterfaceOrientationPortrait UIInterfaceOrientationLandscapeLeft UIInterfaceOrientationLandscapeRight";
				INFOPLIST_KEY_UIUserInterfaceStyle = Light;
				IPHONEOS_DEPLOYMENT_TARGET = 17.5;
				LD_RUNPATH_SEARCH_PATHS = (
					"$(inherited)",
					"@executable_path/Frameworks",
				);
				MARKETING_VERSION = 1.0;
				PRODUCT_BUNDLE_IDENTIFIER = "com.GMYoo.LivingStory-iOS";
				PRODUCT_NAME = "$(TARGET_NAME)";
				SUPPORTED_PLATFORMS = "iphoneos iphonesimulator";
				SUPPORTS_MACCATALYST = NO;
				SUPPORTS_MAC_DESIGNED_FOR_IPHONE_IPAD = NO;
				SUPPORTS_XR_DESIGNED_FOR_IPHONE_IPAD = NO;
				SWIFT_EMIT_LOC_STRINGS = YES;
				SWIFT_VERSION = 5.0;
				TARGETED_DEVICE_FAMILY = "1,2";
			};
			name = Debug;
		};
		D564C42F2E2639F500A50B49 /* Release */ = {
			isa = XCBuildConfiguration;
			buildSettings = {
				ASSETCATALOG_COMPILER_APPICON_NAME = AppIcon;
				ASSETCATALOG_COMPILER_GLOBAL_ACCENT_COLOR_NAME = AccentColor;
				CODE_SIGN_STYLE = Automatic;
				CURRENT_PROJECT_VERSION = 1;
				DEVELOPMENT_TEAM = 8FKM9FB4PH;
				ENABLE_PREVIEWS = YES;
				GENERATE_INFOPLIST_FILE = YES;
				INFOPLIST_FILE = "LivingStory-iOS/Info.plist";
				INFOPLIST_KEY_UIApplicationSceneManifest_Generation = YES;
				INFOPLIST_KEY_UIApplicationSupportsIndirectInputEvents = YES;
				INFOPLIST_KEY_UILaunchScreen_Generation = YES;
				INFOPLIST_KEY_UISupportedInterfaceOrientations_iPad = "UIInterfaceOrientationPortrait UIInterfaceOrientationPortraitUpsideDown UIInterfaceOrientationLandscapeLeft UIInterfaceOrientationLandscapeRight";
				INFOPLIST_KEY_UISupportedInterfaceOrientations_iPhone = "UIInterfaceOrientationPortrait UIInterfaceOrientationLandscapeLeft UIInterfaceOrientationLandscapeRight";
				INFOPLIST_KEY_UIUserInterfaceStyle = Light;
				IPHONEOS_DEPLOYMENT_TARGET = 17.5;
				LD_RUNPATH_SEARCH_PATHS = (
					"$(inherited)",
					"@executable_path/Frameworks",
				);
				MARKETING_VERSION = 1.0;
				PRODUCT_BUNDLE_IDENTIFIER = "com.GMYoo.LivingStory-iOS";
				PRODUCT_NAME = "$(TARGET_NAME)";
				SUPPORTED_PLATFORMS = "iphoneos iphonesimulator";
				SUPPORTS_MACCATALYST = NO;
				SUPPORTS_MAC_DESIGNED_FOR_IPHONE_IPAD = NO;
				SUPPORTS_XR_DESIGNED_FOR_IPHONE_IPAD = NO;
				SWIFT_EMIT_LOC_STRINGS = YES;
				SWIFT_VERSION = 5.0;
				TARGETED_DEVICE_FAMILY = "1,2";
			};
			name = Release;
		};
/* End XCBuildConfiguration section */

/* Begin XCConfigurationList section */
		D564C41B2E2639F300A50B49 /* Build configuration list for PBXProject "LivingStory-iOS" */ = {
			isa = XCConfigurationList;
			buildConfigurations = (
				D564C42B2E2639F500A50B49 /* Debug */,
				D564C42C2E2639F500A50B49 /* Release */,
			);
			defaultConfigurationIsVisible = 0;
			defaultConfigurationName = Release;
		};
		D564C42D2E2639F500A50B49 /* Build configuration list for PBXNativeTarget "LivingStory-iOS" */ = {
			isa = XCConfigurationList;
			buildConfigurations = (
				D564C42E2E2639F500A50B49 /* Debug */,
				D564C42F2E2639F500A50B49 /* Release */,
			);
			defaultConfigurationIsVisible = 0;
			defaultConfigurationName = Release;
		};
/* End XCConfigurationList section */

/* Begin XCRemoteSwiftPackageReference section */
		A129B29A2E34D610004D8698 /* XCRemoteSwiftPackageReference "lottie-spm" */ = {
			isa = XCRemoteSwiftPackageReference;
			repositoryURL = "https://github.com/airbnb/lottie-spm";
			requirement = {
				kind = upToNextMajorVersion;
				minimumVersion = 4.5.2;
			};
		};
/* End XCRemoteSwiftPackageReference section */

/* Begin XCSwiftPackageProductDependency section */
		A129B29B2E34D610004D8698 /* Lottie */ = {
			isa = XCSwiftPackageProductDependency;
			package = A129B29A2E34D610004D8698 /* XCRemoteSwiftPackageReference "lottie-spm" */;
			productName = Lottie;
		};
/* End XCSwiftPackageProductDependency section */
	};
	rootObject = D564C4182E2639F300A50B49 /* Project object */;
}
